
Microsoft Visual Studio Solution File, Format Version 12.00
# Visual Studio Version 16
VisualStudioVersion = 16.0.29509.3
MinimumVisualStudioVersion = 10.0.40219.1
Project("{FAE04EC0-301F-11D3-BF4B-00C04F79EFBC}") = "14Senna", "14Senna.csproj", "{BEFAE215-5BC1-460F-9F96-79357E420993}"
EndProject
Global
	GlobalSection(SolutionConfigurationPlatforms) = preSolution
		Debug|Any CPU = Debug|Any CPU
		Release|Any CPU = Release|Any CPU
	EndGlobalSection
	GlobalSection(ProjectConfigurationPlatforms) = postSolution
		{BEFAE215-5BC1-460F-9F96-79357E420993}.Debug|Any CPU.ActiveCfg = Debug|Any CPU
		{BEFAE215-5BC1-460F-9F96-79357E420993}.Debug|Any CPU.Build.0 = Debug|Any CPU
		{BEFAE215-5BC1-460F-9F96-79357E420993}.Release|Any CPU.ActiveCfg = Release|Any CPU
		{BEFAE215-5BC1-460F-9F96-79357E420993}.Release|Any CPU.Build.0 = Release|Any CPU
	EndGlobalSection
	GlobalSection(SolutionProperties) = preSolution
		HideSolutionNode = FALSE
	EndGlobalSection
	GlobalSection(ExtensibilityGlobals) = postSolution
		SolutionGuid = {E308C37A-CD71-4A95-9F3F-62A4659F6D2C}
	EndGlobalSection
EndGlobal
