
Microsoft Visual Studio Solution File, Format Version 12.00
# Visual Studio Version 16
VisualStudioVersion = 16.0.29509.3
MinimumVisualStudioVersion = 10.0.40219.1
Project("{FAE04EC0-301F-11D3-BF4B-00C04F79EFBC}") = "14_Senna", "14_Senna.csproj", "{1218DE25-1422-4B74-80AC-5C1B62BCB219}"
EndProject
Global
	GlobalSection(SolutionConfigurationPlatforms) = preSolution
		Debug|Any CPU = Debug|Any CPU
		Release|Any CPU = Release|Any CPU
	EndGlobalSection
	GlobalSection(ProjectConfigurationPlatforms) = postSolution
		{1218DE25-1422-4B74-80AC-5C1B62BCB219}.Debug|Any CPU.ActiveCfg = Debug|Any CPU
		{1218DE25-1422-4B74-80AC-5C1B62BCB219}.Debug|Any CPU.Build.0 = Debug|Any CPU
		{1218DE25-1422-4B74-80AC-5C1B62BCB219}.Release|Any CPU.ActiveCfg = Release|Any CPU
		{1218DE25-1422-4B74-80AC-5C1B62BCB219}.Release|Any CPU.Build.0 = Release|Any CPU
	EndGlobalSection
	GlobalSection(SolutionProperties) = preSolution
		HideSolutionNode = FALSE
	EndGlobalSection
	GlobalSection(ExtensibilityGlobals) = postSolution
		SolutionGuid = {CADD10FB-96C6-4515-822E-8FF2485EB7DE}
	EndGlobalSection
EndGlobal
